// !$*UTF8*$!
{
	archiveVersion = 1;
	classes = {
	};
	objectVersion = 77;
	objects = {

/* Begin PBXBuildFile section */
		7BEAA61A255544BFAD7DA0CA /* RefWorkoutCore in Frameworks */ = {isa = PBXBuildFile; productRef = 18DCFE891B8C4879B96A0263 /* RefWorkoutCore */; };
		9654C2452E78EB46001941F3 /* RefWatchCore in Frameworks */ = {isa = PBXBuildFile; productRef = 9654C2442E78EB46001941F3 /* RefWatchCore */; };
		966791932E80F18700FC49FB /* Supabase in Frameworks */ = {isa = PBXBuildFile; productRef = 966791922E80F18700FC49FB /* Supabase */; };
		96BBA36C2E77BF07000A67FC /* WidgetKit.framework in Frameworks */ = {isa = PBXBuildFile; fileRef = 96BBA36B2E77BF07000A67FC /* WidgetKit.framework */; };
		96BBA36E2E77BF07000A67FC /* SwiftUI.framework in Frameworks */ = {isa = PBXBuildFile; fileRef = 96BBA36D2E77BF07000A67FC /* SwiftUI.framework */; };
		96BBA3792E77BF08000A67FC /* RefZoneWidgetsExtension.appex in Embed Foundation Extensions */ = {isa = PBXBuildFile; fileRef = 96BBA36A2E77BF06000A67FC /* RefZoneWidgetsExtension.appex */; settings = {ATTRIBUTES = (RemoveHeadersOnCopy, ); }; };
		96BBA3852E77C115000A67FC /* RefZoneWidgets.swift in Sources */ = {isa = PBXBuildFile; fileRef = 96BBA35D2E77B887000A67FC /* RefZoneWidgets.swift */; };
		96BBA3862E77C12F000A67FC /* CircularView.swift in Sources */ = {isa = PBXBuildFile; fileRef = 96BBA35A2E77B887000A67FC /* CircularView.swift */; };
		96BBA3872E77C13F000A67FC /* Previews.swift in Sources */ = {isa = PBXBuildFile; fileRef = 96BBA35B2E77B887000A67FC /* Previews.swift */; };
		96BBA3882E77C150000A67FC /* RectangularView.swift in Sources */ = {isa = PBXBuildFile; fileRef = 96BBA35C2E77B887000A67FC /* RectangularView.swift */; };
		96CE791C2E8632DC00B7DED0 /* GoogleSignIn in Frameworks */ = {isa = PBXBuildFile; productRef = 96CE791B2E8632DC00B7DED0 /* GoogleSignIn */; };
		96CE791E2E8632DC00B7DED0 /* GoogleSignInSwift in Frameworks */ = {isa = PBXBuildFile; productRef = 96CE791D2E8632DC00B7DED0 /* GoogleSignInSwift */; };
		96F51E932E6852D400C27CF8 /* RefWatchCore in Frameworks */ = {isa = PBXBuildFile; productRef = 96F51E922E6852D400C27CF8 /* RefWatchCore */; };
		96F51E952E68530000C27CF8 /* RefWatchCore in Frameworks */ = {isa = PBXBuildFile; productRef = 96F51E942E68530000C27CF8 /* RefWatchCore */; };
		96FEE6042E72E22A00EDD7BD /* RefZone Watch App.app in Embed Watch Content */ = {isa = PBXBuildFile; fileRef = 964A4D712D32234A00D08376 /* RefZone Watch App.app */; settings = {ATTRIBUTES = (RemoveHeadersOnCopy, ); }; };
		9AF0AAB21D00000000000012 /* (null) in Sources */ = {isa = PBXBuildFile; };
		D4AE10A877A7463C927BA283 /* RefWorkoutCore in Frameworks */ = {isa = PBXBuildFile; productRef = 47EA131A5D1744F5B9E3B2B9 /* RefWorkoutCore */; };
/* End PBXBuildFile section */

/* Begin PBXContainerItemProxy section */
		964A4D842D32234B00D08376 /* PBXContainerItemProxy */ = {
			isa = PBXContainerItemProxy;
			containerPortal = 964A4D652D32234A00D08376 /* Project object */;
			proxyType = 1;
			remoteGlobalIDString = 964A4D702D32234A00D08376;
			remoteInfo = "RefZone Watch App";
		};
		964A4D8E2D32234B00D08376 /* PBXContainerItemProxy */ = {
			isa = PBXContainerItemProxy;
			containerPortal = 964A4D652D32234A00D08376 /* Project object */;
			proxyType = 1;
			remoteGlobalIDString = 964A4D702D32234A00D08376;
			remoteInfo = "RefZone Watch App";
		};
		966926732E739FB0007403DD /* PBXContainerItemProxy */ = {
			isa = PBXContainerItemProxy;
			containerPortal = 964A4D652D32234A00D08376 /* Project object */;
			proxyType = 1;
			remoteGlobalIDString = 964A4D702D32234A00D08376;
			remoteInfo = "RefZone Watch App";
		};
		96BBA3772E77BF08000A67FC /* PBXContainerItemProxy */ = {
			isa = PBXContainerItemProxy;
			containerPortal = 964A4D652D32234A00D08376 /* Project object */;
			proxyType = 1;
			remoteGlobalIDString = 96BBA3692E77BF06000A67FC;
			remoteInfo = RefZoneWidgetsExtension;
		};
		96F51E8F2E684D0900C27CF8 /* PBXContainerItemProxy */ = {
			isa = PBXContainerItemProxy;
			containerPortal = 964A4D652D32234A00D08376 /* Project object */;
			proxyType = 1;
			remoteGlobalIDString = 96B8126D2E67CDA400B23EC0;
			remoteInfo = RefZoneiOS;
		};
		96F51E902E684D0900C27CF8 /* PBXContainerItemProxy */ = {
			isa = PBXContainerItemProxy;
			containerPortal = 964A4D652D32234A00D08376 /* Project object */;
			proxyType = 1;
			remoteGlobalIDString = 96B8126D2E67CDA400B23EC0;
			remoteInfo = RefZoneiOS;
		};
		96FEE6052E72E22A00EDD7BD /* PBXContainerItemProxy */ = {
			isa = PBXContainerItemProxy;
			containerPortal = 964A4D652D32234A00D08376 /* Project object */;
			proxyType = 1;
			remoteGlobalIDString = 964A4D702D32234A00D08376;
			remoteInfo = "RefZone Watch App";
		};
/* End PBXContainerItemProxy section */

/* Begin PBXCopyFilesBuildPhase section */
		96BBA37E2E77BF08000A67FC /* Embed Foundation Extensions */ = {
			isa = PBXCopyFilesBuildPhase;
			buildActionMask = 2147483647;
			dstPath = "";
			dstSubfolderSpec = 13;
			files = (
				96BBA3792E77BF08000A67FC /* RefZoneWidgetsExtension.appex in Embed Foundation Extensions */,
			);
			name = "Embed Foundation Extensions";
			runOnlyForDeploymentPostprocessing = 0;
		};
		96FEE6072E72E22A00EDD7BD /* Embed Watch Content */ = {
			isa = PBXCopyFilesBuildPhase;
			buildActionMask = 2147483647;
			dstPath = "$(CONTENTS_FOLDER_PATH)/Watch";
			dstSubfolderSpec = 16;
			files = (
				96FEE6042E72E22A00EDD7BD /* RefZone Watch App.app in Embed Watch Content */,
			);
			name = "Embed Watch Content";
			runOnlyForDeploymentPostprocessing = 0;
		};
/* End PBXCopyFilesBuildPhase section */

/* Begin PBXFileReference section */
		964A4D712D32234A00D08376 /* RefZone Watch App.app */ = {isa = PBXFileReference; explicitFileType = wrapper.application; includeInIndex = 0; path = "RefZone Watch App.app"; sourceTree = BUILT_PRODUCTS_DIR; };
		964A4D832D32234B00D08376 /* RefZone Watch AppTests.xctest */ = {isa = PBXFileReference; explicitFileType = wrapper.cfbundle; includeInIndex = 0; path = "RefZone Watch AppTests.xctest"; sourceTree = BUILT_PRODUCTS_DIR; };
		964A4D8D2D32234B00D08376 /* RefZone Watch AppUITests.xctest */ = {isa = PBXFileReference; explicitFileType = wrapper.cfbundle; includeInIndex = 0; path = "RefZone Watch AppUITests.xctest"; sourceTree = BUILT_PRODUCTS_DIR; };
		96B8126E2E67CDA400B23EC0 /* RefZoneiOS.app */ = {isa = PBXFileReference; explicitFileType = wrapper.application; includeInIndex = 0; path = RefZoneiOS.app; sourceTree = BUILT_PRODUCTS_DIR; };
		96B8129E2E67CDA500B23EC0 /* RefZoneiOSTests.xctest */ = {isa = PBXFileReference; explicitFileType = wrapper.cfbundle; includeInIndex = 0; path = RefZoneiOSTests.xctest; sourceTree = BUILT_PRODUCTS_DIR; };
		96B812AE2E67CDA500B23EC0 /* RefZoneiOSUITests.xctest */ = {isa = PBXFileReference; explicitFileType = wrapper.cfbundle; includeInIndex = 0; path = RefZoneiOSUITests.xctest; sourceTree = BUILT_PRODUCTS_DIR; };
		96B8C0DE2E67CDA500B23EC0 /* RefZoneiOS/Config/Secrets.xcconfig */ = {isa = PBXFileReference; lastKnownFileType = text.xcconfig; path = RefZoneiOS/Config/Secrets.xcconfig; sourceTree = "<group>"; };
		96BBA35A2E77B887000A67FC /* CircularView.swift */ = {isa = PBXFileReference; lastKnownFileType = sourcecode.swift; path = CircularView.swift; sourceTree = "<group>"; };
		96BBA35B2E77B887000A67FC /* Previews.swift */ = {isa = PBXFileReference; lastKnownFileType = sourcecode.swift; path = Previews.swift; sourceTree = "<group>"; };
		96BBA35C2E77B887000A67FC /* RectangularView.swift */ = {isa = PBXFileReference; lastKnownFileType = sourcecode.swift; path = RectangularView.swift; sourceTree = "<group>"; };
		96BBA35D2E77B887000A67FC /* RefZoneWidgets.swift */ = {isa = PBXFileReference; lastKnownFileType = sourcecode.swift; path = RefZoneWidgets.swift; sourceTree = "<group>"; };
		96BBA3632E77BAED000A67FC /* RefZone Watch App.entitlements */ = {isa = PBXFileReference; lastKnownFileType = text.plist.entitlements; path = "RefZone Watch App.entitlements"; sourceTree = "<group>"; };
		96BBA36A2E77BF06000A67FC /* RefZoneWidgetsExtension.appex */ = {isa = PBXFileReference; explicitFileType = "wrapper.app-extension"; includeInIndex = 0; path = RefZoneWidgetsExtension.appex; sourceTree = BUILT_PRODUCTS_DIR; };
		96BBA36B2E77BF07000A67FC /* WidgetKit.framework */ = {isa = PBXFileReference; lastKnownFileType = wrapper.framework; name = WidgetKit.framework; path = System/Library/Frameworks/WidgetKit.framework; sourceTree = SDKROOT; };
		96BBA36D2E77BF07000A67FC /* SwiftUI.framework */ = {isa = PBXFileReference; lastKnownFileType = wrapper.framework; name = SwiftUI.framework; path = System/Library/Frameworks/SwiftUI.framework; sourceTree = SDKROOT; };
		96BBA38C2E77C23E000A67FC /* RefZoneWidgetsExtension.entitlements */ = {isa = PBXFileReference; lastKnownFileType = text.plist.entitlements; path = RefZoneWidgetsExtension.entitlements; sourceTree = "<group>"; };
		9AF0AAA11D00000000000001 /* RefZoneWatchOS/Core/Services/TimerManager/TimerManager.swift */ = {isa = PBXFileReference; lastKnownFileType = sourcecode.swift; path = RefZoneWatchOS/Core/Services/TimerManager/TimerManager.swift; sourceTree = "<group>"; };
		9AF0AAA11D00000000000002 /* RefZoneWatchOS/Core/Services/MatchHistory/MatchHistoryService.swift */ = {isa = PBXFileReference; lastKnownFileType = sourcecode.swift; path = RefZoneWatchOS/Core/Services/MatchHistory/MatchHistoryService.swift; sourceTree = "<group>"; };
		9AF0AAA11D00000000000003 /* RefZoneWatchOS/Core/Services/PenaltyManager/PenaltyManaging.swift */ = {isa = PBXFileReference; lastKnownFileType = sourcecode.swift; path = RefZoneWatchOS/Core/Services/PenaltyManager/PenaltyManaging.swift; sourceTree = "<group>"; };
		9AF0AAA11D00000000000004 /* RefZoneWatchOS/Core/Services/PenaltyManager/PenaltyManager.swift */ = {isa = PBXFileReference; lastKnownFileType = sourcecode.swift; path = RefZoneWatchOS/Core/Services/PenaltyManager/PenaltyManager.swift; sourceTree = "<group>"; };
		9AF0AAA11D00000000000005 /* RefZoneWatchOS/Features/Match/Models/Match.swift */ = {isa = PBXFileReference; lastKnownFileType = sourcecode.swift; path = RefZoneWatchOS/Features/Match/Models/Match.swift; sourceTree = "<group>"; };
		9AF0AAA11D00000000000006 /* RefZoneWatchOS/Features/Match/Models/CompletedMatch.swift */ = {isa = PBXFileReference; lastKnownFileType = sourcecode.swift; path = RefZoneWatchOS/Features/Match/Models/CompletedMatch.swift; sourceTree = "<group>"; };
		9AF0AAA11D00000000000007 /* RefZoneWatchOS/Features/Events/Models/MatchEventRecord.swift */ = {isa = PBXFileReference; lastKnownFileType = sourcecode.swift; path = RefZoneWatchOS/Features/Events/Models/MatchEventRecord.swift; sourceTree = "<group>"; };
		9AF0AAA11D00000000000008 /* RefZoneWatchOS/Features/Events/Models/CardModels.swift */ = {isa = PBXFileReference; lastKnownFileType = sourcecode.swift; path = RefZoneWatchOS/Features/Events/Models/CardModels.swift; sourceTree = "<group>"; };
		9AF0AAA11D00000000000009 /* RefZoneWatchOS/Features/Settings/Models/Settings.swift */ = {isa = PBXFileReference; lastKnownFileType = sourcecode.swift; path = RefZoneWatchOS/Features/Settings/Models/Settings.swift; sourceTree = "<group>"; };
		9AF0AAA11D0000000000000A /* RefZoneWatchOS/Features/MatchSetup/Models/MatchSetupModels.swift */ = {isa = PBXFileReference; lastKnownFileType = sourcecode.swift; path = RefZoneWatchOS/Features/MatchSetup/Models/MatchSetupModels.swift; sourceTree = "<group>"; };
		9AF0AAA11D0000000000000B /* RefZoneWatchOS/Features/TeamManagement/Models/TeamModels.swift */ = {isa = PBXFileReference; lastKnownFileType = sourcecode.swift; path = RefZoneWatchOS/Features/TeamManagement/Models/TeamModels.swift; sourceTree = "<group>"; };
		9AF0AAA11D0000000000000C /* RefZoneWatchOS/Core/Extensions/DateFormatter+Common.swift */ = {isa = PBXFileReference; lastKnownFileType = sourcecode.swift; path = "RefZoneWatchOS/Core/Extensions/DateFormatter+Common.swift"; sourceTree = "<group>"; };
		9AF0AAA11D0000000000000D /* RefZoneWatchOS/Features/Match/ViewModels/MatchViewModel.swift */ = {isa = PBXFileReference; lastKnownFileType = sourcecode.swift; path = RefZoneWatchOS/Features/Match/ViewModels/MatchViewModel.swift; sourceTree = "<group>"; };
		9AF0AAA11D0000000000000E /* RefZoneWatchOS/Core/Protocols/HapticsProviding.swift */ = {isa = PBXFileReference; lastKnownFileType = sourcecode.swift; path = RefZoneWatchOS/Core/Protocols/HapticsProviding.swift; sourceTree = "<group>"; };
		9AF0AAA11D0000000000000F /* RefZoneWatchOS/Core/Protocols/PersistenceProviding.swift */ = {isa = PBXFileReference; lastKnownFileType = sourcecode.swift; path = RefZoneWatchOS/Core/Protocols/PersistenceProviding.swift; sourceTree = "<group>"; };
		9AF0AAA11D00000000000010 /* RefZoneWatchOS/Core/Protocols/ConnectivitySyncProviding.swift */ = {isa = PBXFileReference; lastKnownFileType = sourcecode.swift; path = RefZoneWatchOS/Core/Protocols/ConnectivitySyncProviding.swift; sourceTree = "<group>"; };
		9AF0AAA11D00000000000011 /* RefZoneWatchOS/Core/Components/TimerFaces/ProStoppageFace.swift */ = {isa = PBXFileReference; lastKnownFileType = sourcecode.swift; path = RefZoneWatchOS/Core/Components/TimerFaces/ProStoppageFace.swift; sourceTree = "<group>"; };
/* End PBXFileReference section */

/* Begin PBXFileSystemSynchronizedBuildFileExceptionSet section */
		966D6DDC2E6E6E630086E820 /* Exceptions for "RefZoneiOS" folder in "RefZoneiOS" target */ = {
			isa = PBXFileSystemSynchronizedBuildFileExceptionSet;
			membershipExceptions = (
				AGENTS.md,
				Config/AGENTS.md,
				Core/AGENTS.md,
				Core/Persistence/SwiftData/AGENTS.md,
				Core/Platform/AI/AGENTS.md,
				Features/AGENTS.md,
				Info.plist,
			);
			target = 96B8126D2E67CDA400B23EC0 /* RefZoneiOS */;
		};
		968464EF2E790779000F4ACD /* Exceptions for "RefZoneiOS" folder in "RefZoneWidgetsExtension" target */ = {
			isa = PBXFileSystemSynchronizedBuildFileExceptionSet;
			membershipExceptions = (
				AppIcon.icon,
			);
			target = 96BBA3692E77BF06000A67FC /* RefZoneWidgetsExtension */;
		};
		96BBA37D2E77BF08000A67FC /* Exceptions for "RefZoneWidgets" folder in "RefZoneWidgetsExtension" target */ = {
			isa = PBXFileSystemSynchronizedBuildFileExceptionSet;
			membershipExceptions = (
				AGENTS.md,
				Info.plist,
			);
			target = 96BBA3692E77BF06000A67FC /* RefZoneWidgetsExtension */;
		};
		96BBA38A2E77C208000A67FC /* Exceptions for "RefZoneWatchOS" folder in "RefZoneWidgetsExtension" target */ = {
			isa = PBXFileSystemSynchronizedBuildFileExceptionSet;
			membershipExceptions = (
				Core/Services/Formatting/PeriodLabelFormatter.swift,
				Core/Services/LiveActivity/LiveActivityCommand.swift,
				Core/Services/LiveActivity/LiveActivityCommandStore.swift,
				Core/Services/LiveActivity/LiveActivityState.swift,
				Core/Services/LiveActivity/LiveActivityStateStore.swift,
			);
			target = 96BBA3692E77BF06000A67FC /* RefZoneWidgetsExtension */;
		};
		96F8A7F52E8E8A550097BE8C /* Exceptions for "RefZoneWatchOS" folder in "RefZone Watch App" target */ = {
			isa = PBXFileSystemSynchronizedBuildFileExceptionSet;
			membershipExceptions = (
				AGENTS.md,
				"App/RefZoneWatchApp-Info.plist",
				Core/AGENTS.md,
				Core/Components/TimerFaces/AGENTS.md,
				Core/Platform/AGENTS.md,
				Features/AGENTS.md,
			);
			target = 964A4D702D32234A00D08376 /* RefZone Watch App */;
		};
/* End PBXFileSystemSynchronizedBuildFileExceptionSet section */

/* Begin PBXFileSystemSynchronizedRootGroup section */
		964A4D752D32234A00D08376 /* RefZoneWatchOS */ = {
			isa = PBXFileSystemSynchronizedRootGroup;
			exceptions = (
				96F8A7F52E8E8A550097BE8C /* Exceptions for "RefZoneWatchOS" folder in "RefZone Watch App" target */,
				96BBA38A2E77C208000A67FC /* Exceptions for "RefZoneWatchOS" folder in "RefZoneWidgetsExtension" target */,
			);
			path = RefZoneWatchOS;
			sourceTree = "<group>";
		};
		964A4D862D32234B00D08376 /* RefZoneWatchOSTests */ = {
			isa = PBXFileSystemSynchronizedRootGroup;
			path = RefZoneWatchOSTests;
			sourceTree = "<group>";
		};
		964A4D902D32234B00D08376 /* RefZoneWatchOSUITests */ = {
			isa = PBXFileSystemSynchronizedRootGroup;
			path = RefZoneWatchOSUITests;
			sourceTree = "<group>";
		};
		96B8126F2E67CDA400B23EC0 /* RefZoneiOS */ = {
			isa = PBXFileSystemSynchronizedRootGroup;
			exceptions = (
				966D6DDC2E6E6E630086E820 /* Exceptions for "RefZoneiOS" folder in "RefZoneiOS" target */,
				968464EF2E790779000F4ACD /* Exceptions for "RefZoneiOS" folder in "RefZoneWidgetsExtension" target */,
			);
			path = RefZoneiOS;
			sourceTree = "<group>";
		};
		96B812902E67CDA500B23EC0 /* RefZoneiOSTests */ = {
			isa = PBXFileSystemSynchronizedRootGroup;
			path = RefZoneiOSTests;
			sourceTree = "<group>";
		};
		96B812A02E67CDA500B23EC0 /* RefZoneiOSUITests */ = {
			isa = PBXFileSystemSynchronizedRootGroup;
			path = RefZoneiOSUITests;
			sourceTree = "<group>";
		};
		96BBA36F2E77BF07000A67FC /* RefZoneWidgets */ = {
			isa = PBXFileSystemSynchronizedRootGroup;
			exceptions = (
				96BBA37D2E77BF08000A67FC /* Exceptions for "RefZoneWidgets" folder in "RefZoneWidgetsExtension" target */,
			);
			path = RefZoneWidgets;
			sourceTree = "<group>";
		};
/* End PBXFileSystemSynchronizedRootGroup section */

/* Begin PBXFrameworksBuildPhase section */
		964A4D6E2D32234A00D08376 /* Frameworks */ = {
			isa = PBXFrameworksBuildPhase;
			buildActionMask = 2147483647;
			files = (
				D4AE10A877A7463C927BA283 /* RefWorkoutCore in Frameworks */,
				96F51E932E6852D400C27CF8 /* RefWatchCore in Frameworks */,
			);
			runOnlyForDeploymentPostprocessing = 0;
		};
		964A4D802D32234B00D08376 /* Frameworks */ = {
			isa = PBXFrameworksBuildPhase;
			buildActionMask = 2147483647;
			files = (
			);
			runOnlyForDeploymentPostprocessing = 0;
		};
		964A4D8A2D32234B00D08376 /* Frameworks */ = {
			isa = PBXFrameworksBuildPhase;
			buildActionMask = 2147483647;
			files = (
			);
			runOnlyForDeploymentPostprocessing = 0;
		};
		96B8126B2E67CDA400B23EC0 /* Frameworks */ = {
			isa = PBXFrameworksBuildPhase;
			buildActionMask = 2147483647;
			files = (
				96CE791E2E8632DC00B7DED0 /* GoogleSignInSwift in Frameworks */,
				966791932E80F18700FC49FB /* Supabase in Frameworks */,
				96CE791C2E8632DC00B7DED0 /* GoogleSignIn in Frameworks */,
				96F51E952E68530000C27CF8 /* RefWatchCore in Frameworks */,
				7BEAA61A255544BFAD7DA0CA /* RefWorkoutCore in Frameworks */,
			);
			runOnlyForDeploymentPostprocessing = 0;
		};
		96B8129B2E67CDA500B23EC0 /* Frameworks */ = {
			isa = PBXFrameworksBuildPhase;
			buildActionMask = 2147483647;
			files = (
			);
			runOnlyForDeploymentPostprocessing = 0;
		};
		96B812AB2E67CDA500B23EC0 /* Frameworks */ = {
			isa = PBXFrameworksBuildPhase;
			buildActionMask = 2147483647;
			files = (
			);
			runOnlyForDeploymentPostprocessing = 0;
		};
		96BBA3672E77BF06000A67FC /* Frameworks */ = {
			isa = PBXFrameworksBuildPhase;
			buildActionMask = 2147483647;
			files = (
				96BBA36E2E77BF07000A67FC /* SwiftUI.framework in Frameworks */,
				96BBA36C2E77BF07000A67FC /* WidgetKit.framework in Frameworks */,
				9654C2452E78EB46001941F3 /* RefWatchCore in Frameworks */,
			);
			runOnlyForDeploymentPostprocessing = 0;
		};
/* End PBXFrameworksBuildPhase section */

/* Begin PBXGroup section */
		964A4D642D32234A00D08376 = {
			isa = PBXGroup;
			children = (
				96BBA38C2E77C23E000A67FC /* RefZoneWidgetsExtension.entitlements */,
				96BBA3632E77BAED000A67FC /* RefZone Watch App.entitlements */,
				96BBA35E2E77B887000A67FC /* RefZoneWidgets */,
				964A4D752D32234A00D08376 /* RefZoneWatchOS */,
				964A4D862D32234B00D08376 /* RefZoneWatchOSTests */,
				964A4D902D32234B00D08376 /* RefZoneWatchOSUITests */,
				96B8126F2E67CDA400B23EC0 /* RefZoneiOS */,
				96B812902E67CDA500B23EC0 /* RefZoneiOSTests */,
				96B812A02E67CDA500B23EC0 /* RefZoneiOSUITests */,
				9AF0AAA01D00000000000001 /* Shared */,
				96BBA36F2E77BF07000A67FC /* RefZoneWidgets */,
				96FEE6032E72E22A00EDD7BD /* Frameworks */,
				964A4D6C2D32234A00D08376 /* Products */,
				966BE9822E7543C80052A937 /* Recovered References */,
			);
			sourceTree = "<group>";
		};
		964A4D6C2D32234A00D08376 /* Products */ = {
			isa = PBXGroup;
			children = (
				964A4D712D32234A00D08376 /* RefZone Watch App.app */,
				964A4D832D32234B00D08376 /* RefZone Watch AppTests.xctest */,
				964A4D8D2D32234B00D08376 /* RefZone Watch AppUITests.xctest */,
				96B8126E2E67CDA400B23EC0 /* RefZoneiOS.app */,
				96B8129E2E67CDA500B23EC0 /* RefZoneiOSTests.xctest */,
				96B812AE2E67CDA500B23EC0 /* RefZoneiOSUITests.xctest */,
				96BBA36A2E77BF06000A67FC /* RefZoneWidgetsExtension.appex */,
			);
			name = Products;
			sourceTree = "<group>";
		};
		966BE9822E7543C80052A937 /* Recovered References */ = {
			isa = PBXGroup;
			children = (
				96B8C0DE2E67CDA500B23EC0 /* RefZoneiOS/Config/Secrets.xcconfig */,
			);
			name = "Recovered References";
			sourceTree = "<group>";
		};
		96BBA35E2E77B887000A67FC /* RefZoneWidgets */ = {
			isa = PBXGroup;
			children = (
				96BBA35A2E77B887000A67FC /* CircularView.swift */,
				96BBA35B2E77B887000A67FC /* Previews.swift */,
				96BBA35C2E77B887000A67FC /* RectangularView.swift */,
				96BBA35D2E77B887000A67FC /* RefZoneWidgets.swift */,
			);
			path = RefZoneWidgets;
			sourceTree = "<group>";
		};
		96FEE6032E72E22A00EDD7BD /* Frameworks */ = {
			isa = PBXGroup;
			children = (
				96BBA36B2E77BF07000A67FC /* WidgetKit.framework */,
				96BBA36D2E77BF07000A67FC /* SwiftUI.framework */,
			);
			name = Frameworks;
			sourceTree = "<group>";
		};
		9AF0AAA01D00000000000001 /* Shared */ = {
			isa = PBXGroup;
			children = (
				9AF0AAA11D00000000000005 /* RefZoneWatchOS/Features/Match/Models/Match.swift */,
				9AF0AAA11D00000000000006 /* RefZoneWatchOS/Features/Match/Models/CompletedMatch.swift */,
				9AF0AAA11D00000000000007 /* RefZoneWatchOS/Features/Events/Models/MatchEventRecord.swift */,
				9AF0AAA11D00000000000008 /* RefZoneWatchOS/Features/Events/Models/CardModels.swift */,
				9AF0AAA11D00000000000009 /* RefZoneWatchOS/Features/Settings/Models/Settings.swift */,
				9AF0AAA11D0000000000000A /* RefZoneWatchOS/Features/MatchSetup/Models/MatchSetupModels.swift */,
				9AF0AAA11D0000000000000B /* RefZoneWatchOS/Features/TeamManagement/Models/TeamModels.swift */,
				9AF0AAA11D00000000000001 /* RefZoneWatchOS/Core/Services/TimerManager/TimerManager.swift */,
				9AF0AAA11D00000000000002 /* RefZoneWatchOS/Core/Services/MatchHistory/MatchHistoryService.swift */,
				9AF0AAA11D00000000000003 /* RefZoneWatchOS/Core/Services/PenaltyManager/PenaltyManaging.swift */,
				9AF0AAA11D00000000000004 /* RefZoneWatchOS/Core/Services/PenaltyManager/PenaltyManager.swift */,
				9AF0AAA11D0000000000000C /* RefZoneWatchOS/Core/Extensions/DateFormatter+Common.swift */,
				9AF0AAA11D0000000000000E /* RefZoneWatchOS/Core/Protocols/HapticsProviding.swift */,
				9AF0AAA11D0000000000000F /* RefZoneWatchOS/Core/Protocols/PersistenceProviding.swift */,
				9AF0AAA11D00000000000010 /* RefZoneWatchOS/Core/Protocols/ConnectivitySyncProviding.swift */,
				9AF0AAA11D0000000000000D /* RefZoneWatchOS/Features/Match/ViewModels/MatchViewModel.swift */,
				9AF0AAA11D00000000000011 /* RefZoneWatchOS/Core/Components/TimerFaces/ProStoppageFace.swift */,
			);
			name = Shared;
			sourceTree = "<group>";
		};
/* End PBXGroup section */

/* Begin PBXNativeTarget section */
		964A4D702D32234A00D08376 /* RefZone Watch App */ = {
			isa = PBXNativeTarget;
			buildConfigurationList = 964A4D972D32234B00D08376 /* Build configuration list for PBXNativeTarget "RefZone Watch App" */;
			buildPhases = (
				964A4D6D2D32234A00D08376 /* Sources */,
				964A4D6E2D32234A00D08376 /* Frameworks */,
				964A4D6F2D32234A00D08376 /* Resources */,
				96BBA37E2E77BF08000A67FC /* Embed Foundation Extensions */,
			);
			buildRules = (
			);
			dependencies = (
				96BBA3782E77BF08000A67FC /* PBXTargetDependency */,
			);
			fileSystemSynchronizedGroups = (
				964A4D752D32234A00D08376 /* RefZoneWatchOS */,
			);
			name = "RefZone Watch App";
			packageProductDependencies = (
				96F51E922E6852D400C27CF8 /* RefWatchCore */,
				47EA131A5D1744F5B9E3B2B9 /* RefWorkoutCore */,
			);
			productName = "RefZone Watch App";
			productReference = 964A4D712D32234A00D08376 /* RefZone Watch App.app */;
			productType = "com.apple.product-type.application";
		};
		964A4D822D32234B00D08376 /* RefZone Watch AppTests */ = {
			isa = PBXNativeTarget;
			buildConfigurationList = 964A4D9E2D32234B00D08376 /* Build configuration list for PBXNativeTarget "RefZone Watch AppTests" */;
			buildPhases = (
				964A4D7F2D32234B00D08376 /* Sources */,
				964A4D802D32234B00D08376 /* Frameworks */,
				964A4D812D32234B00D08376 /* Resources */,
			);
			buildRules = (
			);
			dependencies = (
				964A4D852D32234B00D08376 /* PBXTargetDependency */,
			);
			fileSystemSynchronizedGroups = (
				964A4D862D32234B00D08376 /* RefZoneWatchOSTests */,
			);
			name = "RefZone Watch AppTests";
			packageProductDependencies = (
			);
			productName = "RefZone Watch AppTests";
			productReference = 964A4D832D32234B00D08376 /* RefZone Watch AppTests.xctest */;
			productType = "com.apple.product-type.bundle.unit-test";
		};
		964A4D8C2D32234B00D08376 /* RefZone Watch AppUITests */ = {
			isa = PBXNativeTarget;
			buildConfigurationList = 964A4DA12D32234B00D08376 /* Build configuration list for PBXNativeTarget "RefZone Watch AppUITests" */;
			buildPhases = (
				964A4D892D32234B00D08376 /* Sources */,
				964A4D8A2D32234B00D08376 /* Frameworks */,
				964A4D8B2D32234B00D08376 /* Resources */,
			);
			buildRules = (
			);
			dependencies = (
				964A4D8F2D32234B00D08376 /* PBXTargetDependency */,
			);
			fileSystemSynchronizedGroups = (
				964A4D902D32234B00D08376 /* RefZoneWatchOSUITests */,
			);
			name = "RefZone Watch AppUITests";
			packageProductDependencies = (
			);
			productName = "RefZone Watch AppUITests";
			productReference = 964A4D8D2D32234B00D08376 /* RefZone Watch AppUITests.xctest */;
			productType = "com.apple.product-type.bundle.ui-testing";
		};
		96B8126D2E67CDA400B23EC0 /* RefZoneiOS */ = {
			isa = PBXNativeTarget;
			buildConfigurationList = 96B812762E67CDA500B23EC0 /* Build configuration list for PBXNativeTarget "RefZoneiOS" */;
			buildPhases = (
				96B8126A2E67CDA400B23EC0 /* Sources */,
				96B8126B2E67CDA400B23EC0 /* Frameworks */,
				96B8126C2E67CDA400B23EC0 /* Resources */,
				96FEE6072E72E22A00EDD7BD /* Embed Watch Content */,
			);
			buildRules = (
			);
			dependencies = (
				96FEE6062E72E22A00EDD7BD /* PBXTargetDependency */,
				966926742E739FB0007403DD /* PBXTargetDependency */,
			);
			fileSystemSynchronizedGroups = (
				96B8126F2E67CDA400B23EC0 /* RefZoneiOS */,
			);
			name = RefZoneiOS;
			packageProductDependencies = (
				96F51E942E68530000C27CF8 /* RefWatchCore */,
				18DCFE891B8C4879B96A0263 /* RefWorkoutCore */,
				966791922E80F18700FC49FB /* Supabase */,
				96CE791B2E8632DC00B7DED0 /* GoogleSignIn */,
				96CE791D2E8632DC00B7DED0 /* GoogleSignInSwift */,
			);
			productName = RefZoneiOS;
			productReference = 96B8126E2E67CDA400B23EC0 /* RefZoneiOS.app */;
			productType = "com.apple.product-type.application";
		};
		96B8129D2E67CDA500B23EC0 /* RefZoneiOSTests */ = {
			isa = PBXNativeTarget;
			buildConfigurationList = 96B812A32E67CDA500B23EC0 /* Build configuration list for PBXNativeTarget "RefZoneiOSTests" */;
			buildPhases = (
				96B8129A2E67CDA500B23EC0 /* Sources */,
				96B8129B2E67CDA500B23EC0 /* Frameworks */,
				96B8129C2E67CDA500B23EC0 /* Resources */,
			);
			buildRules = (
			);
			dependencies = (
				96B812A12E67CDA500B23EC0 /* PBXTargetDependency */,
			);
			fileSystemSynchronizedGroups = (
				96B812902E67CDA500B23EC0 /* RefZoneiOSTests */,
			);
			name = RefZoneiOSTests;
			productName = RefZoneiOSTests;
			productReference = 96B8129E2E67CDA500B23EC0 /* RefZoneiOSTests.xctest */;
			productType = "com.apple.product-type.bundle.unit-test";
		};
		96B812AD2E67CDA500B23EC0 /* RefZoneiOSUITests */ = {
			isa = PBXNativeTarget;
			buildConfigurationList = 96B812B12E67CDA500B23EC0 /* Build configuration list for PBXNativeTarget "RefZoneiOSUITests" */;
			buildPhases = (
				96B812AA2E67CDA500B23EC0 /* Sources */,
				96B812AB2E67CDA500B23EC0 /* Frameworks */,
				96B812AC2E67CDA500B23EC0 /* Resources */,
			);
			buildRules = (
			);
			dependencies = (
				96B812AF2E67CDA500B23EC0 /* PBXTargetDependency */,
			);
			fileSystemSynchronizedGroups = (
				96B812A02E67CDA500B23EC0 /* RefZoneiOSUITests */,
			);
			name = RefZoneiOSUITests;
			productName = RefZoneiOSUITests;
			productReference = 96B812AE2E67CDA500B23EC0 /* RefZoneiOSUITests.xctest */;
			productType = "com.apple.product-type.bundle.ui-testing";
		};
		96BBA3692E77BF06000A67FC /* RefZoneWidgetsExtension */ = {
			isa = PBXNativeTarget;
			buildConfigurationList = 96BBA37A2E77BF08000A67FC /* Build configuration list for PBXNativeTarget "RefZoneWidgetsExtension" */;
			buildPhases = (
				96BBA3662E77BF06000A67FC /* Sources */,
				96BBA3672E77BF06000A67FC /* Frameworks */,
				96BBA3682E77BF06000A67FC /* Resources */,
			);
			buildRules = (
			);
			dependencies = (
			);
			fileSystemSynchronizedGroups = (
				96BBA36F2E77BF07000A67FC /* RefZoneWidgets */,
			);
			name = RefZoneWidgetsExtension;
			packageProductDependencies = (
				9654C2442E78EB46001941F3 /* RefWatchCore */,
			);
			productName = RefZoneWidgetsExtension;
			productReference = 96BBA36A2E77BF06000A67FC /* RefZoneWidgetsExtension.appex */;
			productType = "com.apple.product-type.app-extension";
		};
/* End PBXNativeTarget section */

/* Begin PBXProject section */
		964A4D652D32234A00D08376 /* Project object */ = {
			isa = PBXProject;
			attributes = {
				BuildIndependentTargetsInParallel = 1;
				LastSwiftUpdateCheck = 2600;
				LastUpgradeCheck = 1620;
				TargetAttributes = {
					964A4D702D32234A00D08376 = {
						CreatedOnToolsVersion = 16.2;
					};
					964A4D822D32234B00D08376 = {
						CreatedOnToolsVersion = 16.2;
						TestTargetID = 964A4D702D32234A00D08376;
					};
					964A4D8C2D32234B00D08376 = {
						CreatedOnToolsVersion = 16.2;
						TestTargetID = 964A4D702D32234A00D08376;
					};
					96B8126D2E67CDA400B23EC0 = {
						CreatedOnToolsVersion = 26.0;
					};
					96B8129D2E67CDA500B23EC0 = {
						CreatedOnToolsVersion = 26.0;
						TestTargetID = 96B8126D2E67CDA400B23EC0;
					};
					96B812AD2E67CDA500B23EC0 = {
						CreatedOnToolsVersion = 26.0;
						TestTargetID = 96B8126D2E67CDA400B23EC0;
					};
					96BBA3692E77BF06000A67FC = {
						CreatedOnToolsVersion = 26.0;
					};
				};
			};
			buildConfigurationList = 964A4D682D32234A00D08376 /* Build configuration list for PBXProject "RefZone" */;
			developmentRegion = en;
			hasScannedForEncodings = 0;
			knownRegions = (
				en,
				Base,
			);
			mainGroup = 964A4D642D32234A00D08376;
			minimizedProjectReferenceProxies = 1;
			packageReferences = (
				9654C2432E78EB35001941F3 /* XCLocalSwiftPackageReference "RefWatchCore" */,
				301489DC0AD2441AAE57AA1D /* XCLocalSwiftPackageReference "RefWorkoutCore" */,
				96123ED72E7D96CD00204DCB /* XCRemoteSwiftPackageReference "supabase-swift" */,
				96CE791A2E8632DC00B7DED0 /* XCRemoteSwiftPackageReference "GoogleSignIn-iOS" */,
			);
			preferredProjectObjectVersion = 77;
			productRefGroup = 964A4D6C2D32234A00D08376 /* Products */;
			projectDirPath = "";
			projectRoot = "";
			targets = (
				964A4D702D32234A00D08376 /* RefZone Watch App */,
				964A4D822D32234B00D08376 /* RefZone Watch AppTests */,
				964A4D8C2D32234B00D08376 /* RefZone Watch AppUITests */,
				96B8126D2E67CDA400B23EC0 /* RefZoneiOS */,
				96B8129D2E67CDA500B23EC0 /* RefZoneiOSTests */,
				96B812AD2E67CDA500B23EC0 /* RefZoneiOSUITests */,
				96BBA3692E77BF06000A67FC /* RefZoneWidgetsExtension */,
			);
		};
/* End PBXProject section */

/* Begin PBXResourcesBuildPhase section */
		964A4D6F2D32234A00D08376 /* Resources */ = {
			isa = PBXResourcesBuildPhase;
			buildActionMask = 2147483647;
			files = (
			);
			runOnlyForDeploymentPostprocessing = 0;
		};
		964A4D812D32234B00D08376 /* Resources */ = {
			isa = PBXResourcesBuildPhase;
			buildActionMask = 2147483647;
			files = (
			);
			runOnlyForDeploymentPostprocessing = 0;
		};
		964A4D8B2D32234B00D08376 /* Resources */ = {
			isa = PBXResourcesBuildPhase;
			buildActionMask = 2147483647;
			files = (
			);
			runOnlyForDeploymentPostprocessing = 0;
		};
		96B8126C2E67CDA400B23EC0 /* Resources */ = {
			isa = PBXResourcesBuildPhase;
			buildActionMask = 2147483647;
			files = (
			);
			runOnlyForDeploymentPostprocessing = 0;
		};
		96B8129C2E67CDA500B23EC0 /* Resources */ = {
			isa = PBXResourcesBuildPhase;
			buildActionMask = 2147483647;
			files = (
			);
			runOnlyForDeploymentPostprocessing = 0;
		};
		96B812AC2E67CDA500B23EC0 /* Resources */ = {
			isa = PBXResourcesBuildPhase;
			buildActionMask = 2147483647;
			files = (
			);
			runOnlyForDeploymentPostprocessing = 0;
		};
		96BBA3682E77BF06000A67FC /* Resources */ = {
			isa = PBXResourcesBuildPhase;
			buildActionMask = 2147483647;
			files = (
			);
			runOnlyForDeploymentPostprocessing = 0;
		};
/* End PBXResourcesBuildPhase section */

/* Begin PBXSourcesBuildPhase section */
		964A4D6D2D32234A00D08376 /* Sources */ = {
			isa = PBXSourcesBuildPhase;
			buildActionMask = 2147483647;
			files = (
				9AF0AAB21D00000000000012 /* (null) in Sources */,
			);
			runOnlyForDeploymentPostprocessing = 0;
		};
		964A4D7F2D32234B00D08376 /* Sources */ = {
			isa = PBXSourcesBuildPhase;
			buildActionMask = 2147483647;
			files = (
			);
			runOnlyForDeploymentPostprocessing = 0;
		};
		964A4D892D32234B00D08376 /* Sources */ = {
			isa = PBXSourcesBuildPhase;
			buildActionMask = 2147483647;
			files = (
			);
			runOnlyForDeploymentPostprocessing = 0;
		};
		96B8126A2E67CDA400B23EC0 /* Sources */ = {
			isa = PBXSourcesBuildPhase;
			buildActionMask = 2147483647;
			files = (
			);
			runOnlyForDeploymentPostprocessing = 0;
		};
		96B8129A2E67CDA500B23EC0 /* Sources */ = {
			isa = PBXSourcesBuildPhase;
			buildActionMask = 2147483647;
			files = (
			);
			runOnlyForDeploymentPostprocessing = 0;
		};
		96B812AA2E67CDA500B23EC0 /* Sources */ = {
			isa = PBXSourcesBuildPhase;
			buildActionMask = 2147483647;
			files = (
			);
			runOnlyForDeploymentPostprocessing = 0;
		};
		96BBA3662E77BF06000A67FC /* Sources */ = {
			isa = PBXSourcesBuildPhase;
			buildActionMask = 2147483647;
			files = (
				96BBA3862E77C12F000A67FC /* CircularView.swift in Sources */,
				96BBA3852E77C115000A67FC /* RefZoneWidgets.swift in Sources */,
				96BBA3882E77C150000A67FC /* RectangularView.swift in Sources */,
				96BBA3872E77C13F000A67FC /* Previews.swift in Sources */,
			);
			runOnlyForDeploymentPostprocessing = 0;
		};
/* End PBXSourcesBuildPhase section */

/* Begin PBXTargetDependency section */
		964A4D852D32234B00D08376 /* PBXTargetDependency */ = {
			isa = PBXTargetDependency;
			target = 964A4D702D32234A00D08376 /* RefZone Watch App */;
			targetProxy = 964A4D842D32234B00D08376 /* PBXContainerItemProxy */;
		};
		964A4D8F2D32234B00D08376 /* PBXTargetDependency */ = {
			isa = PBXTargetDependency;
			target = 964A4D702D32234A00D08376 /* RefZone Watch App */;
			targetProxy = 964A4D8E2D32234B00D08376 /* PBXContainerItemProxy */;
		};
		966926742E739FB0007403DD /* PBXTargetDependency */ = {
			isa = PBXTargetDependency;
			target = 964A4D702D32234A00D08376 /* RefZone Watch App */;
			targetProxy = 966926732E739FB0007403DD /* PBXContainerItemProxy */;
		};
		96B812A12E67CDA500B23EC0 /* PBXTargetDependency */ = {
			isa = PBXTargetDependency;
			target = 96B8126D2E67CDA400B23EC0 /* RefZoneiOS */;
			targetProxy = 96F51E902E684D0900C27CF8 /* PBXContainerItemProxy */;
		};
		96B812AF2E67CDA500B23EC0 /* PBXTargetDependency */ = {
			isa = PBXTargetDependency;
			target = 96B8126D2E67CDA400B23EC0 /* RefZoneiOS */;
			targetProxy = 96F51E8F2E684D0900C27CF8 /* PBXContainerItemProxy */;
		};
		96BBA3782E77BF08000A67FC /* PBXTargetDependency */ = {
			isa = PBXTargetDependency;
			target = 96BBA3692E77BF06000A67FC /* RefZoneWidgetsExtension */;
			targetProxy = 96BBA3772E77BF08000A67FC /* PBXContainerItemProxy */;
		};
		96FEE6062E72E22A00EDD7BD /* PBXTargetDependency */ = {
			isa = PBXTargetDependency;
			target = 964A4D702D32234A00D08376 /* RefZone Watch App */;
			targetProxy = 96FEE6052E72E22A00EDD7BD /* PBXContainerItemProxy */;
		};
/* End PBXTargetDependency section */

/* Begin XCBuildConfiguration section */
		964A4D952D32234B00D08376 /* Debug */ = {
			isa = XCBuildConfiguration;
			buildSettings = {
				ALWAYS_SEARCH_USER_PATHS = NO;
				ASSETCATALOG_COMPILER_GENERATE_SWIFT_ASSET_SYMBOL_EXTENSIONS = YES;
				CLANG_ANALYZER_NONNULL = YES;
				CLANG_ANALYZER_NUMBER_OBJECT_CONVERSION = YES_AGGRESSIVE;
				CLANG_CXX_LANGUAGE_STANDARD = "gnu++20";
				CLANG_ENABLE_MODULES = YES;
				CLANG_ENABLE_OBJC_ARC = YES;
				CLANG_ENABLE_OBJC_WEAK = YES;
				CLANG_WARN_BLOCK_CAPTURE_AUTORELEASING = YES;
				CLANG_WARN_BOOL_CONVERSION = YES;
				CLANG_WARN_COMMA = YES;
				CLANG_WARN_CONSTANT_CONVERSION = YES;
				CLANG_WARN_DEPRECATED_OBJC_IMPLEMENTATIONS = YES;
				CLANG_WARN_DIRECT_OBJC_ISA_USAGE = YES_ERROR;
				CLANG_WARN_DOCUMENTATION_COMMENTS = YES;
				CLANG_WARN_EMPTY_BODY = YES;
				CLANG_WARN_ENUM_CONVERSION = YES;
				CLANG_WARN_INFINITE_RECURSION = YES;
				CLANG_WARN_INT_CONVERSION = YES;
				CLANG_WARN_NON_LITERAL_NULL_CONVERSION = YES;
				CLANG_WARN_OBJC_IMPLICIT_RETAIN_SELF = YES;
				CLANG_WARN_OBJC_LITERAL_CONVERSION = YES;
				CLANG_WARN_OBJC_ROOT_CLASS = YES_ERROR;
				CLANG_WARN_QUOTED_INCLUDE_IN_FRAMEWORK_HEADER = YES;
				CLANG_WARN_RANGE_LOOP_ANALYSIS = YES;
				CLANG_WARN_STRICT_PROTOTYPES = YES;
				CLANG_WARN_SUSPICIOUS_MOVE = YES;
				CLANG_WARN_UNGUARDED_AVAILABILITY = YES_AGGRESSIVE;
				CLANG_WARN_UNREACHABLE_CODE = YES;
				CLANG_WARN__DUPLICATE_METHOD_MATCH = YES;
				COPY_PHASE_STRIP = NO;
				DEBUG_INFORMATION_FORMAT = dwarf;
				ENABLE_STRICT_OBJC_MSGSEND = YES;
				ENABLE_TESTABILITY = YES;
				ENABLE_USER_SCRIPT_SANDBOXING = YES;
				GCC_C_LANGUAGE_STANDARD = gnu17;
				GCC_DYNAMIC_NO_PIC = NO;
				GCC_NO_COMMON_BLOCKS = YES;
				GCC_OPTIMIZATION_LEVEL = 0;
				GCC_PREPROCESSOR_DEFINITIONS = (
					"DEBUG=1",
					"$(inherited)",
				);
				GCC_WARN_64_TO_32_BIT_CONVERSION = YES;
				GCC_WARN_ABOUT_RETURN_TYPE = YES_ERROR;
				GCC_WARN_UNDECLARED_SELECTOR = YES;
				GCC_WARN_UNINITIALIZED_AUTOS = YES_AGGRESSIVE;
				GCC_WARN_UNUSED_FUNCTION = YES;
				GCC_WARN_UNUSED_VARIABLE = YES;
				LOCALIZATION_PREFERS_STRING_CATALOGS = YES;
				MTL_ENABLE_DEBUG_INFO = INCLUDE_SOURCE;
				MTL_FAST_MATH = YES;
				ONLY_ACTIVE_ARCH = YES;
				SWIFT_ACTIVE_COMPILATION_CONDITIONS = "DEBUG $(inherited)";
				SWIFT_OPTIMIZATION_LEVEL = "-Onone";
			};
			name = Debug;
		};
		964A4D962D32234B00D08376 /* Release */ = {
			isa = XCBuildConfiguration;
			buildSettings = {
				ALWAYS_SEARCH_USER_PATHS = NO;
				ASSETCATALOG_COMPILER_GENERATE_SWIFT_ASSET_SYMBOL_EXTENSIONS = YES;
				CLANG_ANALYZER_NONNULL = YES;
				CLANG_ANALYZER_NUMBER_OBJECT_CONVERSION = YES_AGGRESSIVE;
				CLANG_CXX_LANGUAGE_STANDARD = "gnu++20";
				CLANG_ENABLE_MODULES = YES;
				CLANG_ENABLE_OBJC_ARC = YES;
				CLANG_ENABLE_OBJC_WEAK = YES;
				CLANG_WARN_BLOCK_CAPTURE_AUTORELEASING = YES;
				CLANG_WARN_BOOL_CONVERSION = YES;
				CLANG_WARN_COMMA = YES;
				CLANG_WARN_CONSTANT_CONVERSION = YES;
				CLANG_WARN_DEPRECATED_OBJC_IMPLEMENTATIONS = YES;
				CLANG_WARN_DIRECT_OBJC_ISA_USAGE = YES_ERROR;
				CLANG_WARN_DOCUMENTATION_COMMENTS = YES;
				CLANG_WARN_EMPTY_BODY = YES;
				CLANG_WARN_ENUM_CONVERSION = YES;
				CLANG_WARN_INFINITE_RECURSION = YES;
				CLANG_WARN_INT_CONVERSION = YES;
				CLANG_WARN_NON_LITERAL_NULL_CONVERSION = YES;
				CLANG_WARN_OBJC_IMPLICIT_RETAIN_SELF = YES;
				CLANG_WARN_OBJC_LITERAL_CONVERSION = YES;
				CLANG_WARN_OBJC_ROOT_CLASS = YES_ERROR;
				CLANG_WARN_QUOTED_INCLUDE_IN_FRAMEWORK_HEADER = YES;
				CLANG_WARN_RANGE_LOOP_ANALYSIS = YES;
				CLANG_WARN_STRICT_PROTOTYPES = YES;
				CLANG_WARN_SUSPICIOUS_MOVE = YES;
				CLANG_WARN_UNGUARDED_AVAILABILITY = YES_AGGRESSIVE;
				CLANG_WARN_UNREACHABLE_CODE = YES;
				CLANG_WARN__DUPLICATE_METHOD_MATCH = YES;
				COPY_PHASE_STRIP = NO;
				DEBUG_INFORMATION_FORMAT = "dwarf-with-dsym";
				ENABLE_NS_ASSERTIONS = NO;
				ENABLE_STRICT_OBJC_MSGSEND = YES;
				ENABLE_USER_SCRIPT_SANDBOXING = YES;
				GCC_C_LANGUAGE_STANDARD = gnu17;
				GCC_NO_COMMON_BLOCKS = YES;
				GCC_WARN_64_TO_32_BIT_CONVERSION = YES;
				GCC_WARN_ABOUT_RETURN_TYPE = YES_ERROR;
				GCC_WARN_UNDECLARED_SELECTOR = YES;
				GCC_WARN_UNINITIALIZED_AUTOS = YES_AGGRESSIVE;
				GCC_WARN_UNUSED_FUNCTION = YES;
				GCC_WARN_UNUSED_VARIABLE = YES;
				LOCALIZATION_PREFERS_STRING_CATALOGS = YES;
				MTL_ENABLE_DEBUG_INFO = NO;
				MTL_FAST_MATH = YES;
				SWIFT_COMPILATION_MODE = wholemodule;
			};
			name = Release;
		};
		964A4D982D32234B00D08376 /* Debug */ = {
			isa = XCBuildConfiguration;
			buildSettings = {
				ASSETCATALOG_COMPILER_APPICON_NAME = AppIcon;
				ASSETCATALOG_COMPILER_GLOBAL_ACCENT_COLOR_NAME = AccentColor;
				CODE_SIGN_ENTITLEMENTS = "RefZone Watch App.entitlements";
				CODE_SIGN_IDENTITY = "Apple Development";
				CODE_SIGN_STYLE = Automatic;
				CURRENT_PROJECT_VERSION = 1;
				DEVELOPMENT_ASSET_PATHS = "\"RefZoneWatchOS/Preview Content\"";
				DEVELOPMENT_TEAM = 6NV7X5BLU7;
				ENABLE_PREVIEWS = YES;
				EXCLUDED_SOURCE_FILE_NAMES = (
					Match.swift,
					CompletedMatch.swift,
					MatchEventRecord.swift,
					CardModels.swift,
					Settings.swift,
					MatchSetupModels.swift,
					TeamModels.swift,
					TimerManager.swift,
					PenaltyManaging.swift,
					PenaltyManager.swift,
					MatchHistoryService.swift,
					HapticsProviding.swift,
					PersistenceProviding.swift,
					ConnectivitySyncProviding.swift,
					MatchViewModel.swift,
					MatchSetupViewModel.swift,
					SettingsViewModel.swift,
					"DateFormatter+Common.swift",
					README.md,
				);
				GENERATE_INFOPLIST_FILE = NO;
				INFOPLIST_FILE = "RefZoneWatchOS/App/RefZoneWatchApp-Info.plist";
				LD_RUNPATH_SEARCH_PATHS = (
					"$(inherited)",
					"@executable_path/Frameworks",
				);
				MARKETING_VERSION = 0.9.1;
				PRODUCT_BUNDLE_IDENTIFIER = com.IbrahimSaidi.RefZone.watchkitapp;
				PRODUCT_NAME = "$(TARGET_NAME)";
				PROVISIONING_PROFILE_SPECIFIER = "";
				SDKROOT = watchos;
				SKIP_INSTALL = YES;
				SWIFT_EMIT_LOC_STRINGS = YES;
				SWIFT_VERSION = 5.0;
				TARGETED_DEVICE_FAMILY = 4;
				WATCHOS_DEPLOYMENT_TARGET = 11.2;
			};
			name = Debug;
		};
		964A4D992D32234B00D08376 /* Release */ = {
			isa = XCBuildConfiguration;
			buildSettings = {
				ASSETCATALOG_COMPILER_APPICON_NAME = AppIcon;
				ASSETCATALOG_COMPILER_GLOBAL_ACCENT_COLOR_NAME = AccentColor;
				CODE_SIGN_ENTITLEMENTS = "RefZone Watch App.entitlements";
				CODE_SIGN_IDENTITY = "Apple Development";
				CODE_SIGN_STYLE = Automatic;
				CURRENT_PROJECT_VERSION = 1;
				DEVELOPMENT_ASSET_PATHS = "\"RefZoneWatchOS/Preview Content\"";
				DEVELOPMENT_TEAM = 6NV7X5BLU7;
				ENABLE_PREVIEWS = YES;
				EXCLUDED_SOURCE_FILE_NAMES = (
					Match.swift,
					CompletedMatch.swift,
					MatchEventRecord.swift,
					CardModels.swift,
					Settings.swift,
					MatchSetupModels.swift,
					TeamModels.swift,
					TimerManager.swift,
					PenaltyManaging.swift,
					PenaltyManager.swift,
					MatchHistoryService.swift,
					HapticsProviding.swift,
					PersistenceProviding.swift,
					ConnectivitySyncProviding.swift,
					MatchViewModel.swift,
					MatchSetupViewModel.swift,
					SettingsViewModel.swift,
					"DateFormatter+Common.swift",
					README.md,
				);
				GENERATE_INFOPLIST_FILE = NO;
				INFOPLIST_FILE = "RefZoneWatchOS/App/RefZoneWatchApp-Info.plist";
				LD_RUNPATH_SEARCH_PATHS = (
					"$(inherited)",
					"@executable_path/Frameworks",
				);
				MARKETING_VERSION = 0.9.1;
				PRODUCT_BUNDLE_IDENTIFIER = com.IbrahimSaidi.RefZone.watchkitapp;
				PRODUCT_NAME = "$(TARGET_NAME)";
				PROVISIONING_PROFILE_SPECIFIER = "";
				SDKROOT = watchos;
				SKIP_INSTALL = YES;
				SWIFT_EMIT_LOC_STRINGS = YES;
				SWIFT_VERSION = 5.0;
				TARGETED_DEVICE_FAMILY = 4;
				VALIDATE_PRODUCT = YES;
				WATCHOS_DEPLOYMENT_TARGET = 11.2;
			};
			name = Release;
		};
		964A4D9F2D32234B00D08376 /* Debug */ = {
			isa = XCBuildConfiguration;
			buildSettings = {
				BUNDLE_LOADER = "$(TEST_HOST)";
				CODE_SIGN_STYLE = Automatic;
				CURRENT_PROJECT_VERSION = 1;
				DEVELOPMENT_TEAM = 6NV7X5BLU7;
				GENERATE_INFOPLIST_FILE = YES;
				MARKETING_VERSION = 1.0;
				PRODUCT_BUNDLE_IDENTIFIER = "com.IbrahimSaidi.RefZone-Watch-AppTests";
				PRODUCT_NAME = "$(TARGET_NAME)";
				SDKROOT = watchos;
				SWIFT_EMIT_LOC_STRINGS = NO;
				SWIFT_VERSION = 5.0;
				TARGETED_DEVICE_FAMILY = 4;
				TEST_HOST = "$(BUILT_PRODUCTS_DIR)/RefZone Watch App.app/$(BUNDLE_EXECUTABLE_FOLDER_PATH)/RefZone Watch App";
				WATCHOS_DEPLOYMENT_TARGET = 11.2;
			};
			name = Debug;
		};
		964A4DA02D32234B00D08376 /* Release */ = {
			isa = XCBuildConfiguration;
			buildSettings = {
				BUNDLE_LOADER = "$(TEST_HOST)";
				CODE_SIGN_STYLE = Automatic;
				CURRENT_PROJECT_VERSION = 1;
				DEVELOPMENT_TEAM = 6NV7X5BLU7;
				GENERATE_INFOPLIST_FILE = YES;
				MARKETING_VERSION = 1.0;
				PRODUCT_BUNDLE_IDENTIFIER = "com.IbrahimSaidi.RefZone-Watch-AppTests";
				PRODUCT_NAME = "$(TARGET_NAME)";
				SDKROOT = watchos;
				SWIFT_EMIT_LOC_STRINGS = NO;
				SWIFT_VERSION = 5.0;
				TARGETED_DEVICE_FAMILY = 4;
				TEST_HOST = "$(BUILT_PRODUCTS_DIR)/RefZone Watch App.app/$(BUNDLE_EXECUTABLE_FOLDER_PATH)/RefZone Watch App";
				VALIDATE_PRODUCT = YES;
				WATCHOS_DEPLOYMENT_TARGET = 11.2;
			};
			name = Release;
		};
		964A4DA22D32234B00D08376 /* Debug */ = {
			isa = XCBuildConfiguration;
			buildSettings = {
				CODE_SIGN_STYLE = Automatic;
				CURRENT_PROJECT_VERSION = 1;
				DEVELOPMENT_TEAM = 6NV7X5BLU7;
				GENERATE_INFOPLIST_FILE = YES;
				MARKETING_VERSION = 1.0;
				PRODUCT_BUNDLE_IDENTIFIER = "com.IbrahimSaidi.RefZone-Watch-AppUITests";
				PRODUCT_NAME = "$(TARGET_NAME)";
				SDKROOT = watchos;
				SWIFT_EMIT_LOC_STRINGS = NO;
				SWIFT_VERSION = 5.0;
				TARGETED_DEVICE_FAMILY = 4;
				TEST_TARGET_NAME = "RefZone Watch App";
				WATCHOS_DEPLOYMENT_TARGET = 11.2;
			};
			name = Debug;
		};
		964A4DA32D32234B00D08376 /* Release */ = {
			isa = XCBuildConfiguration;
			buildSettings = {
				CODE_SIGN_STYLE = Automatic;
				CURRENT_PROJECT_VERSION = 1;
				DEVELOPMENT_TEAM = 6NV7X5BLU7;
				GENERATE_INFOPLIST_FILE = YES;
				MARKETING_VERSION = 1.0;
				PRODUCT_BUNDLE_IDENTIFIER = "com.IbrahimSaidi.RefZone-Watch-AppUITests";
				PRODUCT_NAME = "$(TARGET_NAME)";
				SDKROOT = watchos;
				SWIFT_EMIT_LOC_STRINGS = NO;
				SWIFT_VERSION = 5.0;
				TARGETED_DEVICE_FAMILY = 4;
				TEST_TARGET_NAME = "RefZone Watch App";
				VALIDATE_PRODUCT = YES;
				WATCHOS_DEPLOYMENT_TARGET = 11.2;
			};
			name = Release;
		};
		96B812772E67CDA500B23EC0 /* Debug */ = {
			isa = XCBuildConfiguration;
			baseConfigurationReference = 96B8C0DE2E67CDA500B23EC0 /* RefZoneiOS/Config/Secrets.xcconfig */;
			buildSettings = {
				ASSETCATALOG_COMPILER_APPICON_NAME = AppIcon;
				ASSETCATALOG_COMPILER_GLOBAL_ACCENT_COLOR_NAME = AccentColor;
				CODE_SIGN_ENTITLEMENTS = RefZoneiOS/RefZoneiOS.entitlements;
				CODE_SIGN_STYLE = Automatic;
				CURRENT_PROJECT_VERSION = 1;
				DEVELOPMENT_TEAM = 6NV7X5BLU7;
				ENABLE_PREVIEWS = YES;
				GENERATE_INFOPLIST_FILE = NO;
				INFOPLIST_FILE = RefZoneiOS/Info.plist;
				INFOPLIST_KEY_CFBundleDisplayName = RefZone;
				INFOPLIST_KEY_OPENAI_API_KEY = "$(OPENAI_API_KEY)";
				INFOPLIST_KEY_UIApplicationSceneManifest_Generation = YES;
				INFOPLIST_KEY_UIApplicationSupportsIndirectInputEvents = YES;
				INFOPLIST_KEY_UILaunchScreen_Generation = YES;
				INFOPLIST_KEY_UISupportedInterfaceOrientations_iPad = "UIInterfaceOrientationPortrait UIInterfaceOrientationPortraitUpsideDown UIInterfaceOrientationLandscapeLeft UIInterfaceOrientationLandscapeRight";
				INFOPLIST_KEY_UISupportedInterfaceOrientations_iPhone = "UIInterfaceOrientationPortrait UIInterfaceOrientationLandscapeLeft UIInterfaceOrientationLandscapeRight";
				INFOPLIST_KEY_WKCompanionAppBundleIdentifier = com.IbrahimSaidi.RefZone;
				IPHONEOS_DEPLOYMENT_TARGET = 17.0;
				LD_RUNPATH_SEARCH_PATHS = (
					"$(inherited)",
					"@executable_path/Frameworks",
				);
				MARKETING_VERSION = 0.9.1;
				PRODUCT_BUNDLE_IDENTIFIER = com.IbrahimSaidi.RefZone;
				PRODUCT_NAME = "$(TARGET_NAME)";
				SDKROOT = iphoneos;
				STRING_CATALOG_GENERATE_SYMBOLS = YES;
				SWIFT_APPROACHABLE_CONCURRENCY = YES;
				SWIFT_DEFAULT_ACTOR_ISOLATION = MainActor;
				SWIFT_EMIT_LOC_STRINGS = YES;
				SWIFT_UPCOMING_FEATURE_MEMBER_IMPORT_VISIBILITY = YES;
				SWIFT_VERSION = 5.0;
				TARGETED_DEVICE_FAMILY = "1,2";
			};
			name = Debug;
		};
		96B812782E67CDA500B23EC0 /* Release */ = {
			isa = XCBuildConfiguration;
			baseConfigurationReference = 96B8C0DE2E67CDA500B23EC0 /* RefZoneiOS/Config/Secrets.xcconfig */;
			buildSettings = {
				ASSETCATALOG_COMPILER_APPICON_NAME = AppIcon;
				ASSETCATALOG_COMPILER_GLOBAL_ACCENT_COLOR_NAME = AccentColor;
				CODE_SIGN_ENTITLEMENTS = RefZoneiOS/RefZoneiOS.entitlements;
				CODE_SIGN_STYLE = Automatic;
				CURRENT_PROJECT_VERSION = 1;
				DEVELOPMENT_TEAM = 6NV7X5BLU7;
				ENABLE_PREVIEWS = YES;
				GENERATE_INFOPLIST_FILE = NO;
				INFOPLIST_FILE = RefZoneiOS/Info.plist;
				INFOPLIST_KEY_CFBundleDisplayName = RefZone;
				INFOPLIST_KEY_OPENAI_API_KEY = "$(OPENAI_API_KEY)";
				INFOPLIST_KEY_UIApplicationSceneManifest_Generation = YES;
				INFOPLIST_KEY_UIApplicationSupportsIndirectInputEvents = YES;
				INFOPLIST_KEY_UILaunchScreen_Generation = YES;
				INFOPLIST_KEY_UISupportedInterfaceOrientations_iPad = "UIInterfaceOrientationPortrait UIInterfaceOrientationPortraitUpsideDown UIInterfaceOrientationLandscapeLeft UIInterfaceOrientationLandscapeRight";
				INFOPLIST_KEY_UISupportedInterfaceOrientations_iPhone = "UIInterfaceOrientationPortrait UIInterfaceOrientationLandscapeLeft UIInterfaceOrientationLandscapeRight";
				INFOPLIST_KEY_WKCompanionAppBundleIdentifier = com.IbrahimSaidi.RefZone;
				IPHONEOS_DEPLOYMENT_TARGET = 17.0;
				LD_RUNPATH_SEARCH_PATHS = (
					"$(inherited)",
					"@executable_path/Frameworks",
				);
				MARKETING_VERSION = 0.9.1;
				ONLY_ACTIVE_ARCH = NO;
				PRODUCT_BUNDLE_IDENTIFIER = com.IbrahimSaidi.RefZone;
				PRODUCT_NAME = "$(TARGET_NAME)";
				SDKROOT = iphoneos;
				STRING_CATALOG_GENERATE_SYMBOLS = YES;
				SWIFT_APPROACHABLE_CONCURRENCY = YES;
				SWIFT_DEFAULT_ACTOR_ISOLATION = MainActor;
				SWIFT_EMIT_LOC_STRINGS = YES;
				SWIFT_UPCOMING_FEATURE_MEMBER_IMPORT_VISIBILITY = YES;
				SWIFT_VERSION = 5.0;
				TARGETED_DEVICE_FAMILY = "1,2";
				VALIDATE_PRODUCT = YES;
			};
			name = Release;
		};
		96B812A42E67CDA500B23EC0 /* Debug */ = {
			isa = XCBuildConfiguration;
			buildSettings = {
				CODE_SIGN_STYLE = Automatic;
				CURRENT_PROJECT_VERSION = 1;
				DEVELOPMENT_TEAM = 6NV7X5BLU7;
				GENERATE_INFOPLIST_FILE = YES;
				IPHONEOS_DEPLOYMENT_TARGET = 17.0;
				MARKETING_VERSION = 1.0;
				PRODUCT_BUNDLE_IDENTIFIER = com.IbrahimSaidi.RefZoneiOSTests;
				PRODUCT_NAME = "$(TARGET_NAME)";
				SDKROOT = iphoneos;
				SWIFT_EMIT_LOC_STRINGS = NO;
				SWIFT_VERSION = 5.0;
				TARGETED_DEVICE_FAMILY = "1,2";
			};
			name = Debug;
		};
		96B812A52E67CDA500B23EC0 /* Release */ = {
			isa = XCBuildConfiguration;
			buildSettings = {
				CODE_SIGN_STYLE = Automatic;
				CURRENT_PROJECT_VERSION = 1;
				DEVELOPMENT_TEAM = 6NV7X5BLU7;
				GENERATE_INFOPLIST_FILE = YES;
				IPHONEOS_DEPLOYMENT_TARGET = 17.0;
				MARKETING_VERSION = 1.0;
				PRODUCT_BUNDLE_IDENTIFIER = com.IbrahimSaidi.RefZoneiOSTests;
				PRODUCT_NAME = "$(TARGET_NAME)";
				SDKROOT = iphoneos;
				SWIFT_EMIT_LOC_STRINGS = NO;
				SWIFT_VERSION = 5.0;
				TARGETED_DEVICE_FAMILY = "1,2";
				VALIDATE_PRODUCT = YES;
			};
			name = Release;
		};
		96B812B22E67CDA500B23EC0 /* Debug */ = {
			isa = XCBuildConfiguration;
			buildSettings = {
				CODE_SIGN_STYLE = Automatic;
				CURRENT_PROJECT_VERSION = 1;
				DEVELOPMENT_TEAM = 6NV7X5BLU7;
				GENERATE_INFOPLIST_FILE = YES;
				IPHONEOS_DEPLOYMENT_TARGET = 17.0;
				MARKETING_VERSION = 1.0;
				PRODUCT_BUNDLE_IDENTIFIER = com.IbrahimSaidi.RefZoneiOSUITests;
				PRODUCT_NAME = "$(TARGET_NAME)";
				SDKROOT = iphoneos;
				SWIFT_EMIT_LOC_STRINGS = NO;
				SWIFT_VERSION = 5.0;
				TARGETED_DEVICE_FAMILY = "1,2";
				TEST_TARGET_NAME = RefZoneiOS;
			};
			name = Debug;
		};
		96B812B32E67CDA500B23EC0 /* Release */ = {
			isa = XCBuildConfiguration;
			buildSettings = {
				CODE_SIGN_STYLE = Automatic;
				CURRENT_PROJECT_VERSION = 1;
				DEVELOPMENT_TEAM = 6NV7X5BLU7;
				GENERATE_INFOPLIST_FILE = YES;
				IPHONEOS_DEPLOYMENT_TARGET = 17.0;
				MARKETING_VERSION = 1.0;
				PRODUCT_BUNDLE_IDENTIFIER = com.IbrahimSaidi.RefZoneiOSUITests;
				PRODUCT_NAME = "$(TARGET_NAME)";
				SDKROOT = iphoneos;
				SWIFT_EMIT_LOC_STRINGS = NO;
				SWIFT_VERSION = 5.0;
				TARGETED_DEVICE_FAMILY = "1,2";
				TEST_TARGET_NAME = RefZoneiOS;
				VALIDATE_PRODUCT = YES;
			};
			name = Release;
		};
		96BBA37B2E77BF08000A67FC /* Debug */ = {
			isa = XCBuildConfiguration;
			buildSettings = {
				ASSETCATALOG_COMPILER_GLOBAL_ACCENT_COLOR_NAME = AccentColor;
				ASSETCATALOG_COMPILER_WIDGET_BACKGROUND_COLOR_NAME = WidgetBackground;
				CODE_SIGN_ENTITLEMENTS = RefZoneWidgetsExtension.entitlements;
				CODE_SIGN_IDENTITY = "Apple Development";
				CODE_SIGN_STYLE = Automatic;
				CURRENT_PROJECT_VERSION = 1;
				DEVELOPMENT_TEAM = 6NV7X5BLU7;
				GENERATE_INFOPLIST_FILE = YES;
				INFOPLIST_FILE = RefZoneWidgets/Info.plist;
				INFOPLIST_KEY_CFBundleDisplayName = RefZoneWidgets;
				INFOPLIST_KEY_NSHumanReadableCopyright = "";
				LD_RUNPATH_SEARCH_PATHS = (
					"$(inherited)",
					"@executable_path/Frameworks",
					"@executable_path/../../Frameworks",
					"@executable_path/../../../../Frameworks",
				);
				MARKETING_VERSION = 1.0;
				PRODUCT_BUNDLE_IDENTIFIER = com.IbrahimSaidi.RefZone.watchkitapp.RefZoneWidgets;
				PRODUCT_NAME = "$(TARGET_NAME)";
				SDKROOT = watchos;
				SKIP_INSTALL = YES;
				STRING_CATALOG_GENERATE_SYMBOLS = YES;
				SWIFT_APPROACHABLE_CONCURRENCY = YES;
				SWIFT_EMIT_LOC_STRINGS = YES;
				SWIFT_UPCOMING_FEATURE_MEMBER_IMPORT_VISIBILITY = YES;
				SWIFT_VERSION = 5.0;
				TARGETED_DEVICE_FAMILY = 4;
				WATCHOS_DEPLOYMENT_TARGET = 11.2;
			};
			name = Debug;
		};
		96BBA37C2E77BF08000A67FC /* Release */ = {
			isa = XCBuildConfiguration;
			buildSettings = {
				ASSETCATALOG_COMPILER_GLOBAL_ACCENT_COLOR_NAME = AccentColor;
				ASSETCATALOG_COMPILER_WIDGET_BACKGROUND_COLOR_NAME = WidgetBackground;
				CODE_SIGN_ENTITLEMENTS = RefZoneWidgetsExtension.entitlements;
				CODE_SIGN_IDENTITY = "Apple Development";
				CODE_SIGN_STYLE = Automatic;
				CURRENT_PROJECT_VERSION = 1;
				DEVELOPMENT_TEAM = 6NV7X5BLU7;
				GENERATE_INFOPLIST_FILE = YES;
				INFOPLIST_FILE = RefZoneWidgets/Info.plist;
				INFOPLIST_KEY_CFBundleDisplayName = RefZoneWidgets;
				INFOPLIST_KEY_NSHumanReadableCopyright = "";
				LD_RUNPATH_SEARCH_PATHS = (
					"$(inherited)",
					"@executable_path/Frameworks",
					"@executable_path/../../Frameworks",
					"@executable_path/../../../../Frameworks",
				);
				MARKETING_VERSION = 1.0;
				PRODUCT_BUNDLE_IDENTIFIER = com.IbrahimSaidi.RefZone.watchkitapp.RefZoneWidgets;
				PRODUCT_NAME = "$(TARGET_NAME)";
				SDKROOT = watchos;
				SKIP_INSTALL = YES;
				STRING_CATALOG_GENERATE_SYMBOLS = YES;
				SWIFT_APPROACHABLE_CONCURRENCY = YES;
				SWIFT_EMIT_LOC_STRINGS = YES;
				SWIFT_UPCOMING_FEATURE_MEMBER_IMPORT_VISIBILITY = YES;
				SWIFT_VERSION = 5.0;
				TARGETED_DEVICE_FAMILY = 4;
				VALIDATE_PRODUCT = YES;
				WATCHOS_DEPLOYMENT_TARGET = 11.2;
			};
			name = Release;
		};
/* End XCBuildConfiguration section */

/* Begin XCConfigurationList section */
		964A4D682D32234A00D08376 /* Build configuration list for PBXProject "RefZone" */ = {
			isa = XCConfigurationList;
			buildConfigurations = (
				964A4D952D32234B00D08376 /* Debug */,
				964A4D962D32234B00D08376 /* Release */,
			);
			defaultConfigurationIsVisible = 0;
			defaultConfigurationName = Release;
		};
		964A4D972D32234B00D08376 /* Build configuration list for PBXNativeTarget "RefZone Watch App" */ = {
			isa = XCConfigurationList;
			buildConfigurations = (
				964A4D982D32234B00D08376 /* Debug */,
				964A4D992D32234B00D08376 /* Release */,
			);
			defaultConfigurationIsVisible = 0;
			defaultConfigurationName = Release;
		};
		964A4D9E2D32234B00D08376 /* Build configuration list for PBXNativeTarget "RefZone Watch AppTests" */ = {
			isa = XCConfigurationList;
			buildConfigurations = (
				964A4D9F2D32234B00D08376 /* Debug */,
				964A4DA02D32234B00D08376 /* Release */,
			);
			defaultConfigurationIsVisible = 0;
			defaultConfigurationName = Release;
		};
		964A4DA12D32234B00D08376 /* Build configuration list for PBXNativeTarget "RefZone Watch AppUITests" */ = {
			isa = XCConfigurationList;
			buildConfigurations = (
				964A4DA22D32234B00D08376 /* Debug */,
				964A4DA32D32234B00D08376 /* Release */,
			);
			defaultConfigurationIsVisible = 0;
			defaultConfigurationName = Release;
		};
		96B812762E67CDA500B23EC0 /* Build configuration list for PBXNativeTarget "RefZoneiOS" */ = {
			isa = XCConfigurationList;
			buildConfigurations = (
				96B812772E67CDA500B23EC0 /* Debug */,
				96B812782E67CDA500B23EC0 /* Release */,
			);
			defaultConfigurationIsVisible = 0;
			defaultConfigurationName = Release;
		};
		96B812A32E67CDA500B23EC0 /* Build configuration list for PBXNativeTarget "RefZoneiOSTests" */ = {
			isa = XCConfigurationList;
			buildConfigurations = (
				96B812A42E67CDA500B23EC0 /* Debug */,
				96B812A52E67CDA500B23EC0 /* Release */,
			);
			defaultConfigurationIsVisible = 0;
			defaultConfigurationName = Release;
		};
		96B812B12E67CDA500B23EC0 /* Build configuration list for PBXNativeTarget "RefZoneiOSUITests" */ = {
			isa = XCConfigurationList;
			buildConfigurations = (
				96B812B22E67CDA500B23EC0 /* Debug */,
				96B812B32E67CDA500B23EC0 /* Release */,
			);
			defaultConfigurationIsVisible = 0;
			defaultConfigurationName = Release;
		};
		96BBA37A2E77BF08000A67FC /* Build configuration list for PBXNativeTarget "RefZoneWidgetsExtension" */ = {
			isa = XCConfigurationList;
			buildConfigurations = (
				96BBA37B2E77BF08000A67FC /* Debug */,
				96BBA37C2E77BF08000A67FC /* Release */,
			);
			defaultConfigurationIsVisible = 0;
			defaultConfigurationName = Release;
		};
/* End XCConfigurationList section */

/* Begin XCLocalSwiftPackageReference section */
		301489DC0AD2441AAE57AA1D /* XCLocalSwiftPackageReference "RefWorkoutCore" */ = {
			isa = XCLocalSwiftPackageReference;
			relativePath = RefWorkoutCore;
		};
		9654C2432E78EB35001941F3 /* XCLocalSwiftPackageReference "RefWatchCore" */ = {
			isa = XCLocalSwiftPackageReference;
			relativePath = RefWatchCore;
		};
/* End XCLocalSwiftPackageReference section */

/* Begin XCRemoteSwiftPackageReference section */
		96123ED72E7D96CD00204DCB /* XCRemoteSwiftPackageReference "supabase-swift" */ = {
			isa = XCRemoteSwiftPackageReference;
			repositoryURL = "https://github.com/supabase/supabase-swift";
			requirement = {
				kind = upToNextMajorVersion;
				minimumVersion = 2.5.1;
			};
		};
		96CE791A2E8632DC00B7DED0 /* XCRemoteSwiftPackageReference "GoogleSignIn-iOS" */ = {
			isa = XCRemoteSwiftPackageReference;
			repositoryURL = "https://github.com/google/GoogleSignIn-iOS";
			requirement = {
				kind = upToNextMajorVersion;
				minimumVersion = 9.0.0;
			};
		};
/* End XCRemoteSwiftPackageReference section */

/* Begin XCSwiftPackageProductDependency section */
		18DCFE891B8C4879B96A0263 /* RefWorkoutCore */ = {
			isa = XCSwiftPackageProductDependency;
			productName = RefWorkoutCore;
		};
		47EA131A5D1744F5B9E3B2B9 /* RefWorkoutCore */ = {
			isa = XCSwiftPackageProductDependency;
			package = 301489DC0AD2441AAE57AA1D /* XCLocalSwiftPackageReference "RefWorkoutCore" */;
			productName = RefWorkoutCore;
		};
		9654C2442E78EB46001941F3 /* RefWatchCore */ = {
			isa = XCSwiftPackageProductDependency;
			package = 9654C2432E78EB35001941F3 /* XCLocalSwiftPackageReference "RefWatchCore" */;
			productName = RefWatchCore;
		};
		966791922E80F18700FC49FB /* Supabase */ = {
			isa = XCSwiftPackageProductDependency;
			package = 96123ED72E7D96CD00204DCB /* XCRemoteSwiftPackageReference "supabase-swift" */;
			productName = Supabase;
		};
		96CE791B2E8632DC00B7DED0 /* GoogleSignIn */ = {
			isa = XCSwiftPackageProductDependency;
			package = 96CE791A2E8632DC00B7DED0 /* XCRemoteSwiftPackageReference "GoogleSignIn-iOS" */;
			productName = GoogleSignIn;
		};
		96CE791D2E8632DC00B7DED0 /* GoogleSignInSwift */ = {
			isa = XCSwiftPackageProductDependency;
			package = 96CE791A2E8632DC00B7DED0 /* XCRemoteSwiftPackageReference "GoogleSignIn-iOS" */;
			productName = GoogleSignInSwift;
		};
		96F51E922E6852D400C27CF8 /* RefWatchCore */ = {
			isa = XCSwiftPackageProductDependency;
			productName = RefWatchCore;
		};
		96F51E942E68530000C27CF8 /* RefWatchCore */ = {
			isa = XCSwiftPackageProductDependency;
			productName = RefWatchCore;
		};
/* End XCSwiftPackageProductDependency section */
	};
	rootObject = 964A4D652D32234A00D08376 /* Project object */;
}
